
Microsoft Visual Studio Solution File, Format Version 12.00
# Visual Studio Version 18
VisualStudioVersion = 18.0.11217.181
MinimumVisualStudioVersion = 10.0.40219.1
Project("{FAE04EC0-301F-11D3-BF4B-00C04F79EFBC}") = "FCG-Payments.Domain", "FCG-Payments.Domain\FCG-Payments.Domain.csproj", "{6F6C6F4B-8969-4A75-9A79-860EE349BAA9}"
EndProject
Project("{FAE04EC0-301F-11D3-BF4B-00C04F79EFBC}") = "FCG-Payments.Application", "FCG-Payments.Application\FCG-Payments.Application.csproj", "{1CDDC667-A04E-4081-9973-66D681A8554F}"
EndProject
Project("{FAE04EC0-301F-11D3-BF4B-00C04F79EFBC}") = "FCG-Payments.Infrastructure", "FCG-Payments.Infrastructure\FCG-Payments.Infrastructure.csproj", "{32DC0F8F-CE4A-48AA-8302-AB3ADB87C5ED}"
EndProject
Project("{FAE04EC0-301F-11D3-BF4B-00C04F79EFBC}") = "FCG-Payments.Api", "FCG-Payments.Api\FCG-Payments.Api.csproj", "{3862FF31-2F95-4AFB-B7CF-690D148AF292}"
EndProject
Project("{FAE04EC0-301F-11D3-BF4B-00C04F79EFBC}") = "FCG-Payments.Consumer", "FCG-Payments.Consumer\FCG-Payments.Consumer.csproj", "{58C7DE73-4C18-4F13-93F5-3C19E62BBAE1}"
EndProject
Global
	GlobalSection(SolutionConfigurationPlatforms) = preSolution
		Debug|Any CPU = Debug|Any CPU
		Release|Any CPU = Release|Any CPU
	EndGlobalSection
	GlobalSection(ProjectConfigurationPlatforms) = postSolution
		{6F6C6F4B-8969-4A75-9A79-860EE349BAA9}.Debug|Any CPU.ActiveCfg = Debug|Any CPU
		{6F6C6F4B-8969-4A75-9A79-860EE349BAA9}.Debug|Any CPU.Build.0 = Debug|Any CPU
		{6F6C6F4B-8969-4A75-9A79-860EE349BAA9}.Release|Any CPU.ActiveCfg = Release|Any CPU
		{6F6C6F4B-8969-4A75-9A79-860EE349BAA9}.Release|Any CPU.Build.0 = Release|Any CPU
		{1CDDC667-A04E-4081-9973-66D681A8554F}.Debug|Any CPU.ActiveCfg = Debug|Any CPU
		{1CDDC667-A04E-4081-9973-66D681A8554F}.Debug|Any CPU.Build.0 = Debug|Any CPU
		{1CDDC667-A04E-4081-9973-66D681A8554F}.Release|Any CPU.ActiveCfg = Release|Any CPU
		{1CDDC667-A04E-4081-9973-66D681A8554F}.Release|Any CPU.Build.0 = Release|Any CPU
		{32DC0F8F-CE4A-48AA-8302-AB3ADB87C5ED}.Debug|Any CPU.ActiveCfg = Debug|Any CPU
		{32DC0F8F-CE4A-48AA-8302-AB3ADB87C5ED}.Debug|Any CPU.Build.0 = Debug|Any CPU
		{32DC0F8F-CE4A-48AA-8302-AB3ADB87C5ED}.Release|Any CPU.ActiveCfg = Release|Any CPU
		{32DC0F8F-CE4A-48AA-8302-AB3ADB87C5ED}.Release|Any CPU.Build.0 = Release|Any CPU
		{3862FF31-2F95-4AFB-B7CF-690D148AF292}.Debug|Any CPU.ActiveCfg = Debug|Any CPU
		{3862FF31-2F95-4AFB-B7CF-690D148AF292}.Debug|Any CPU.Build.0 = Debug|Any CPU
		{3862FF31-2F95-4AFB-B7CF-690D148AF292}.Release|Any CPU.ActiveCfg = Release|Any CPU
		{3862FF31-2F95-4AFB-B7CF-690D148AF292}.Release|Any CPU.Build.0 = Release|Any CPU
		{58C7DE73-4C18-4F13-93F5-3C19E62BBAE1}.Debug|Any CPU.ActiveCfg = Debug|Any CPU
		{58C7DE73-4C18-4F13-93F5-3C19E62BBAE1}.Debug|Any CPU.Build.0 = Debug|Any CPU
		{58C7DE73-4C18-4F13-93F5-3C19E62BBAE1}.Release|Any CPU.ActiveCfg = Release|Any CPU
		{58C7DE73-4C18-4F13-93F5-3C19E62BBAE1}.Release|Any CPU.Build.0 = Release|Any CPU
	EndGlobalSection
	GlobalSection(SolutionProperties) = preSolution
		HideSolutionNode = FALSE
	EndGlobalSection
	GlobalSection(ExtensibilityGlobals) = postSolution
		SolutionGuid = {2C14C48B-3288-457C-9DE6-A1097A37B449}
	EndGlobalSection
EndGlobal
